// !$*UTF8*$!
{
	archiveVersion = 1;
	classes = {
	};
	objectVersion = 46;
	objects = {

/* Begin PBXBuildFile section */
		6D1EDCB91E29855200449704 /* AudioToolbox.framework in Frameworks */ = {isa = PBXBuildFile; fileRef = 6D1EDCB81E29855100449704 /* AudioToolbox.framework */; };
		6D1EDCBB1E29855800449704 /* CFNetwork.framework in Frameworks */ = {isa = PBXBuildFile; fileRef = 6D1EDCBA1E29855800449704 /* CFNetwork.framework */; };
		6D1EDCBD1E29855F00449704 /* CoreGraphics.framework in Frameworks */ = {isa = PBXBuildFile; fileRef = 6D1EDCBC1E29855F00449704 /* CoreGraphics.framework */; };
		6D1EDCBF1E29856500449704 /* CoreLocation.framework in Frameworks */ = {isa = PBXBuildFile; fileRef = 6D1EDCBE1E29856500449704 /* CoreLocation.framework */; };
		6D1EDCC11E29857100449704 /* QuartzCore.framework in Frameworks */ = {isa = PBXBuildFile; fileRef = 6D1EDCC01E29857100449704 /* QuartzCore.framework */; };
		6D1EDCC31E29857900449704 /* Security.framework in Frameworks */ = {isa = PBXBuildFile; fileRef = 6D1EDCC21E29857900449704 /* Security.framework */; };
		6D1EDCC51E29857F00449704 /* StoreKit.framework in Frameworks */ = {isa = PBXBuildFile; fileRef = 6D1EDCC41E29857F00449704 /* StoreKit.framework */; };
		6D1EDCC71E29858500449704 /* SystemConfiguration.framework in Frameworks */ = {isa = PBXBuildFile; fileRef = 6D1EDCC61E29858500449704 /* SystemConfiguration.framework */; };
		6D1EDCC91E29859C00449704 /* libz.tbd in Frameworks */ = {isa = PBXBuildFile; fileRef = 6D1EDCC81E29859C00449704 /* libz.tbd */; };
		6D1EDCCB1E2985A800449704 /* libsqlite3.tbd in Frameworks */ = {isa = PBXBuildFile; fileRef = 6D1EDCCA1E2985A800449704 /* libsqlite3.tbd */; };
		6D1EDCD61E2989E500449704 /* Bolts.framework in Frameworks */ = {isa = PBXBuildFile; fileRef = 6D1EDCD41E2989E400449704 /* Bolts.framework */; };
		6D1EDCD71E2989E500449704 /* Bolts.framework in Embed Frameworks */ = {isa = PBXBuildFile; fileRef = 6D1EDCD41E2989E400449704 /* Bolts.framework */; settings = {ATTRIBUTES = (CodeSignOnCopy, RemoveHeadersOnCopy, ); }; };
		6D1EDCD81E2989E500449704 /* Parse.framework in Frameworks */ = {isa = PBXBuildFile; fileRef = 6D1EDCD51E2989E500449704 /* Parse.framework */; };
		6D1EDCD91E2989E500449704 /* Parse.framework in Embed Frameworks */ = {isa = PBXBuildFile; fileRef = 6D1EDCD51E2989E500449704 /* Parse.framework */; settings = {ATTRIBUTES = (CodeSignOnCopy, RemoveHeadersOnCopy, ); }; };
		6D4D240D1E2857B10086796F /* AppDelegate.swift in Sources */ = {isa = PBXBuildFile; fileRef = 6D4D240C1E2857B10086796F /* AppDelegate.swift */; };
		6D4D240F1E2857B10086796F /* ViewController.swift in Sources */ = {isa = PBXBuildFile; fileRef = 6D4D240E1E2857B10086796F /* ViewController.swift */; };
		6D4D24111E2857B10086796F /* Assets.xcassets in Resources */ = {isa = PBXBuildFile; fileRef = 6D4D24101E2857B10086796F /* Assets.xcassets */; };
		6D4D24141E2857B10086796F /* Main.storyboard in Resources */ = {isa = PBXBuildFile; fileRef = 6D4D24121E2857B10086796F /* Main.storyboard */; };
		6D8416991E4463AE001DE2B3 /* Category.swift in Sources */ = {isa = PBXBuildFile; fileRef = 6D8416981E4463AE001DE2B3 /* Category.swift */; };
/* End PBXBuildFile section */

/* Begin PBXCopyFilesBuildPhase section */
		6D1EDCDA1E2989E500449704 /* Embed Frameworks */ = {
			isa = PBXCopyFilesBuildPhase;
			buildActionMask = 2147483647;
			dstPath = "";
			dstSubfolderSpec = 10;
			files = (
				6D1EDCD91E2989E500449704 /* Parse.framework in Embed Frameworks */,
				6D1EDCD71E2989E500449704 /* Bolts.framework in Embed Frameworks */,
			);
			name = "Embed Frameworks";
			runOnlyForDeploymentPostprocessing = 0;
		};
/* End PBXCopyFilesBuildPhase section */

/* Begin PBXFileReference section */
		6D1EDCB81E29855100449704 /* AudioToolbox.framework */ = {isa = PBXFileReference; lastKnownFileType = wrapper.framework; name = AudioToolbox.framework; path = System/Library/Frameworks/AudioToolbox.framework; sourceTree = SDKROOT; };
		6D1EDCBA1E29855800449704 /* CFNetwork.framework */ = {isa = PBXFileReference; lastKnownFileType = wrapper.framework; name = CFNetwork.framework; path = System/Library/Frameworks/CFNetwork.framework; sourceTree = SDKROOT; };
		6D1EDCBC1E29855F00449704 /* CoreGraphics.framework */ = {isa = PBXFileReference; lastKnownFileType = wrapper.framework; name = CoreGraphics.framework; path = System/Library/Frameworks/CoreGraphics.framework; sourceTree = SDKROOT; };
		6D1EDCBE1E29856500449704 /* CoreLocation.framework */ = {isa = PBXFileReference; lastKnownFileType = wrapper.framework; name = CoreLocation.framework; path = System/Library/Frameworks/CoreLocation.framework; sourceTree = SDKROOT; };
		6D1EDCC01E29857100449704 /* QuartzCore.framework */ = {isa = PBXFileReference; lastKnownFileType = wrapper.framework; name = QuartzCore.framework; path = System/Library/Frameworks/QuartzCore.framework; sourceTree = SDKROOT; };
		6D1EDCC21E29857900449704 /* Security.framework */ = {isa = PBXFileReference; lastKnownFileType = wrapper.framework; name = Security.framework; path = System/Library/Frameworks/Security.framework; sourceTree = SDKROOT; };
		6D1EDCC41E29857F00449704 /* StoreKit.framework */ = {isa = PBXFileReference; lastKnownFileType = wrapper.framework; name = StoreKit.framework; path = System/Library/Frameworks/StoreKit.framework; sourceTree = SDKROOT; };
		6D1EDCC61E29858500449704 /* SystemConfiguration.framework */ = {isa = PBXFileReference; lastKnownFileType = wrapper.framework; name = SystemConfiguration.framework; path = System/Library/Frameworks/SystemConfiguration.framework; sourceTree = SDKROOT; };
		6D1EDCC81E29859C00449704 /* libz.tbd */ = {isa = PBXFileReference; lastKnownFileType = "sourcecode.text-based-dylib-definition"; name = libz.tbd; path = usr/lib/libz.tbd; sourceTree = SDKROOT; };
		6D1EDCCA1E2985A800449704 /* libsqlite3.tbd */ = {isa = PBXFileReference; lastKnownFileType = "sourcecode.text-based-dylib-definition"; name = libsqlite3.tbd; path = usr/lib/libsqlite3.tbd; sourceTree = SDKROOT; };
		6D1EDCCC1E2985DB00449704 /* Parse Exporter-Bridging-Header.h */ = {isa = PBXFileReference; lastKnownFileType = sourcecode.c.h; path = "Parse Exporter-Bridging-Header.h"; sourceTree = "<group>"; };
		6D1EDCD41E2989E400449704 /* Bolts.framework */ = {isa = PBXFileReference; lastKnownFileType = wrapper.framework; name = Bolts.framework; path = Carthage/Build/Mac/Bolts.framework; sourceTree = "<group>"; };
		6D1EDCD51E2989E500449704 /* Parse.framework */ = {isa = PBXFileReference; lastKnownFileType = wrapper.framework; name = Parse.framework; path = Carthage/Build/Mac/Parse.framework; sourceTree = "<group>"; };
		6D4D24091E2857B10086796F /* Parse Exporter.app */ = {isa = PBXFileReference; explicitFileType = wrapper.application; includeInIndex = 0; path = "Parse Exporter.app"; sourceTree = BUILT_PRODUCTS_DIR; };
		6D4D240C1E2857B10086796F /* AppDelegate.swift */ = {isa = PBXFileReference; lastKnownFileType = sourcecode.swift; path = AppDelegate.swift; sourceTree = "<group>"; };
		6D4D240E1E2857B10086796F /* ViewController.swift */ = {isa = PBXFileReference; lastKnownFileType = sourcecode.swift; path = ViewController.swift; sourceTree = "<group>"; };
		6D4D24101E2857B10086796F /* Assets.xcassets */ = {isa = PBXFileReference; lastKnownFileType = folder.assetcatalog; path = Assets.xcassets; sourceTree = "<group>"; };
		6D4D24131E2857B10086796F /* Base */ = {isa = PBXFileReference; lastKnownFileType = file.storyboard; name = Base; path = Base.lproj/Main.storyboard; sourceTree = "<group>"; };
		6D4D24151E2857B10086796F /* Info.plist */ = {isa = PBXFileReference; lastKnownFileType = text.plist.xml; path = Info.plist; sourceTree = "<group>"; };
		6D8416981E4463AE001DE2B3 /* Category.swift */ = {isa = PBXFileReference; fileEncoding = 4; lastKnownFileType = sourcecode.swift; path = Category.swift; sourceTree = "<group>"; };
/* End PBXFileReference section */

/* Begin PBXFrameworksBuildPhase section */
		6D4D24061E2857B10086796F /* Frameworks */ = {
			isa = PBXFrameworksBuildPhase;
			buildActionMask = 2147483647;
			files = (
				6D1EDCCB1E2985A800449704 /* libsqlite3.tbd in Frameworks */,
				6D1EDCC91E29859C00449704 /* libz.tbd in Frameworks */,
				6D1EDCC71E29858500449704 /* SystemConfiguration.framework in Frameworks */,
				6D1EDCC51E29857F00449704 /* StoreKit.framework in Frameworks */,
				6D1EDCC31E29857900449704 /* Security.framework in Frameworks */,
				6D1EDCC11E29857100449704 /* QuartzCore.framework in Frameworks */,
				6D1EDCBF1E29856500449704 /* CoreLocation.framework in Frameworks */,
				6D1EDCBD1E29855F00449704 /* CoreGraphics.framework in Frameworks */,
				6D1EDCD61E2989E500449704 /* Bolts.framework in Frameworks */,
				6D1EDCBB1E29855800449704 /* CFNetwork.framework in Frameworks */,
				6D1EDCD81E2989E500449704 /* Parse.framework in Frameworks */,
				6D1EDCB91E29855200449704 /* AudioToolbox.framework in Frameworks */,
			);
			runOnlyForDeploymentPostprocessing = 0;
		};
/* End PBXFrameworksBuildPhase section */

/* Begin PBXGroup section */
		6D1EDCB31E2984FC00449704 /* Frameworks */ = {
			isa = PBXGroup;
			children = (
				6D1EDCD41E2989E400449704 /* Bolts.framework */,
				6D1EDCD51E2989E500449704 /* Parse.framework */,
				6D1EDCCA1E2985A800449704 /* libsqlite3.tbd */,
				6D1EDCC81E29859C00449704 /* libz.tbd */,
				6D1EDCC61E29858500449704 /* SystemConfiguration.framework */,
				6D1EDCC41E29857F00449704 /* StoreKit.framework */,
				6D1EDCC21E29857900449704 /* Security.framework */,
				6D1EDCC01E29857100449704 /* QuartzCore.framework */,
				6D1EDCBE1E29856500449704 /* CoreLocation.framework */,
				6D1EDCBC1E29855F00449704 /* CoreGraphics.framework */,
				6D1EDCBA1E29855800449704 /* CFNetwork.framework */,
				6D1EDCB81E29855100449704 /* AudioToolbox.framework */,
			);
			name = Frameworks;
			sourceTree = "<group>";
		};
		6D4D24001E2857B10086796F = {
			isa = PBXGroup;
			children = (
				6D4D240B1E2857B10086796F /* Parse Exporter */,
				6D1EDCB31E2984FC00449704 /* Frameworks */,
				6D4D240A1E2857B10086796F /* Products */,
			);
			sourceTree = "<group>";
		};
		6D4D240A1E2857B10086796F /* Products */ = {
			isa = PBXGroup;
			children = (
				6D4D24091E2857B10086796F /* Parse Exporter.app */,
			);
			name = Products;
			sourceTree = "<group>";
		};
		6D4D240B1E2857B10086796F /* Parse Exporter */ = {
			isa = PBXGroup;
			children = (
				6D4D240C1E2857B10086796F /* AppDelegate.swift */,
				6D4D240E1E2857B10086796F /* ViewController.swift */,
				6D4D24101E2857B10086796F /* Assets.xcassets */,
				6D4D24121E2857B10086796F /* Main.storyboard */,
				6D4D24151E2857B10086796F /* Info.plist */,
				6D8416981E4463AE001DE2B3 /* Category.swift */,
				6D1EDCCC1E2985DB00449704 /* Parse Exporter-Bridging-Header.h */,
			);
			path = "Parse Exporter";
			sourceTree = "<group>";
		};
/* End PBXGroup section */

/* Begin PBXNativeTarget section */
		6D4D24081E2857B10086796F /* Parse Exporter */ = {
			isa = PBXNativeTarget;
			buildConfigurationList = 6D4D24181E2857B10086796F /* Build configuration list for PBXNativeTarget "Parse Exporter" */;
			buildPhases = (
				6D4D24051E2857B10086796F /* Sources */,
				6D4D24061E2857B10086796F /* Frameworks */,
				6D4D24071E2857B10086796F /* Resources */,
				6D1EDCDA1E2989E500449704 /* Embed Frameworks */,
			);
			buildRules = (
			);
			dependencies = (
			);
			name = "Parse Exporter";
			productName = "Parse Exporter";
			productReference = 6D4D24091E2857B10086796F /* Parse Exporter.app */;
			productType = "com.apple.product-type.application";
		};
/* End PBXNativeTarget section */

/* Begin PBXProject section */
		6D4D24011E2857B10086796F /* Project object */ = {
			isa = PBXProject;
			attributes = {
				LastSwiftUpdateCheck = 0800;
				LastUpgradeCheck = 0800;
				ORGANIZATIONNAME = "Nick Dalke";
				TargetAttributes = {
					6D4D24081E2857B10086796F = {
						CreatedOnToolsVersion = 8.0;
						LastSwiftMigration = 0800;
						ProvisioningStyle = Automatic;
					};
				};
			};
			buildConfigurationList = 6D4D24041E2857B10086796F /* Build configuration list for PBXProject "Parse Exporter" */;
			compatibilityVersion = "Xcode 3.2";
			developmentRegion = English;
			hasScannedForEncodings = 0;
			knownRegions = (
				en,
				Base,
			);
			mainGroup = 6D4D24001E2857B10086796F;
			productRefGroup = 6D4D240A1E2857B10086796F /* Products */;
			projectDirPath = "";
			projectRoot = "";
			targets = (
				6D4D24081E2857B10086796F /* Parse Exporter */,
			);
		};
/* End PBXProject section */

/* Begin PBXResourcesBuildPhase section */
		6D4D24071E2857B10086796F /* Resources */ = {
			isa = PBXResourcesBuildPhase;
			buildActionMask = 2147483647;
			files = (
				6D4D24111E2857B10086796F /* Assets.xcassets in Resources */,
				6D4D24141E2857B10086796F /* Main.storyboard in Resources */,
			);
			runOnlyForDeploymentPostprocessing = 0;
		};
/* End PBXResourcesBuildPhase section */

/* Begin PBXSourcesBuildPhase section */
		6D4D24051E2857B10086796F /* Sources */ = {
			isa = PBXSourcesBuildPhase;
			buildActionMask = 2147483647;
			files = (
				6D4D240F1E2857B10086796F /* ViewController.swift in Sources */,
				6D4D240D1E2857B10086796F /* AppDelegate.swift in Sources */,
				6D8416991E4463AE001DE2B3 /* Category.swift in Sources */,
			);
			runOnlyForDeploymentPostprocessing = 0;
		};
/* End PBXSourcesBuildPhase section */

/* Begin PBXVariantGroup section */
		6D4D24121E2857B10086796F /* Main.storyboard */ = {
			isa = PBXVariantGroup;
			children = (
				6D4D24131E2857B10086796F /* Base */,
			);
			name = Main.storyboard;
			sourceTree = "<group>";
		};
/* End PBXVariantGroup section */

/* Begin XCBuildConfiguration section */
		6D4D24161E2857B10086796F /* Debug */ = {
			isa = XCBuildConfiguration;
			buildSettings = {
				ALWAYS_SEARCH_USER_PATHS = NO;
				CLANG_ANALYZER_NONNULL = YES;
				CLANG_CXX_LANGUAGE_STANDARD = "gnu++0x";
				CLANG_CXX_LIBRARY = "libc++";
				CLANG_ENABLE_MODULES = YES;
				CLANG_ENABLE_OBJC_ARC = YES;
				CLANG_WARN_BOOL_CONVERSION = YES;
				CLANG_WARN_CONSTANT_CONVERSION = YES;
				CLANG_WARN_DIRECT_OBJC_ISA_USAGE = YES_ERROR;
				CLANG_WARN_DOCUMENTATION_COMMENTS = YES;
				CLANG_WARN_EMPTY_BODY = YES;
				CLANG_WARN_ENUM_CONVERSION = YES;
				CLANG_WARN_INFINITE_RECURSION = YES;
				CLANG_WARN_INT_CONVERSION = YES;
				CLANG_WARN_OBJC_ROOT_CLASS = YES_ERROR;
				CLANG_WARN_SUSPICIOUS_MOVES = YES;
				CLANG_WARN_UNREACHABLE_CODE = YES;
				CLANG_WARN__DUPLICATE_METHOD_MATCH = YES;
				CODE_SIGN_IDENTITY = "-";
				COPY_PHASE_STRIP = NO;
				DEBUG_INFORMATION_FORMAT = dwarf;
				ENABLE_STRICT_OBJC_MSGSEND = YES;
				ENABLE_TESTABILITY = YES;
				GCC_C_LANGUAGE_STANDARD = gnu99;
				GCC_DYNAMIC_NO_PIC = NO;
				GCC_NO_COMMON_BLOCKS = YES;
				GCC_OPTIMIZATION_LEVEL = 0;
				GCC_PREPROCESSOR_DEFINITIONS = (
					"DEBUG=1",
					"$(inherited)",
				);
				GCC_WARN_64_TO_32_BIT_CONVERSION = YES;
				GCC_WARN_ABOUT_RETURN_TYPE = YES_ERROR;
				GCC_WARN_UNDECLARED_SELECTOR = YES;
				GCC_WARN_UNINITIALIZED_AUTOS = YES_AGGRESSIVE;
				GCC_WARN_UNUSED_FUNCTION = YES;
				GCC_WARN_UNUSED_VARIABLE = YES;
				MACOSX_DEPLOYMENT_TARGET = 10.11;
				MTL_ENABLE_DEBUG_INFO = YES;
				ONLY_ACTIVE_ARCH = YES;
				SDKROOT = macosx;
				SWIFT_ACTIVE_COMPILATION_CONDITIONS = DEBUG;
				SWIFT_OPTIMIZATION_LEVEL = "-Onone";
			};
			name = Debug;
		};
		6D4D24171E2857B10086796F /* Release */ = {
			isa = XCBuildConfiguration;
			buildSettings = {
				ALWAYS_SEARCH_USER_PATHS = NO;
				CLANG_ANALYZER_NONNULL = YES;
				CLANG_CXX_LANGUAGE_STANDARD = "gnu++0x";
				CLANG_CXX_LIBRARY = "libc++";
				CLANG_ENABLE_MODULES = YES;
				CLANG_ENABLE_OBJC_ARC = YES;
				CLANG_WARN_BOOL_CONVERSION = YES;
				CLANG_WARN_CONSTANT_CONVERSION = YES;
				CLANG_WARN_DIRECT_OBJC_ISA_USAGE = YES_ERROR;
				CLANG_WARN_DOCUMENTATION_COMMENTS = YES;
				CLANG_WARN_EMPTY_BODY = YES;
				CLANG_WARN_ENUM_CONVERSION = YES;
				CLANG_WARN_INFINITE_RECURSION = YES;
				CLANG_WARN_INT_CONVERSION = YES;
				CLANG_WARN_OBJC_ROOT_CLASS = YES_ERROR;
				CLANG_WARN_SUSPICIOUS_MOVES = YES;
				CLANG_WARN_UNREACHABLE_CODE = YES;
				CLANG_WARN__DUPLICATE_METHOD_MATCH = YES;
				CODE_SIGN_IDENTITY = "-";
				COPY_PHASE_STRIP = NO;
				DEBUG_INFORMATION_FORMAT = "dwarf-with-dsym";
				ENABLE_NS_ASSERTIONS = NO;
				ENABLE_STRICT_OBJC_MSGSEND = YES;
				GCC_C_LANGUAGE_STANDARD = gnu99;
				GCC_NO_COMMON_BLOCKS = YES;
				GCC_WARN_64_TO_32_BIT_CONVERSION = YES;
				GCC_WARN_ABOUT_RETURN_TYPE = YES_ERROR;
				GCC_WARN_UNDECLARED_SELECTOR = YES;
				GCC_WARN_UNINITIALIZED_AUTOS = YES_AGGRESSIVE;
				GCC_WARN_UNUSED_FUNCTION = YES;
				GCC_WARN_UNUSED_VARIABLE = YES;
				MACOSX_DEPLOYMENT_TARGET = 10.11;
				MTL_ENABLE_DEBUG_INFO = NO;
				SDKROOT = macosx;
				SWIFT_OPTIMIZATION_LEVEL = "-Owholemodule";
			};
			name = Release;
		};
		6D4D24191E2857B10086796F /* Debug */ = {
			isa = XCBuildConfiguration;
			buildSettings = {
				ASSETCATALOG_COMPILER_APPICON_NAME = AppIcon;
				CLANG_ENABLE_MODULES = YES;
				COMBINE_HIDPI_IMAGES = YES;
				FRAMEWORK_SEARCH_PATHS = (
					"$(inherited)",
					"$(PROJECT_DIR)/Parse\\ Exporter",
					"$(PROJECT_DIR)/Parse\\ Exporter",
					"$(PROJECT_DIR)",
					"$(PROJECT_DIR)/Carthage/Build/Mac",
				);
				INFOPLIST_FILE = "Parse Exporter/Info.plist";
				LD_RUNPATH_SEARCH_PATHS = "$(inherited) @executable_path/../Frameworks";
				PRODUCT_BUNDLE_IDENTIFIER = "fitmo.Parse-Exporter";
				PRODUCT_NAME = "$(TARGET_NAME)";
				SWIFT_OBJC_BRIDGING_HEADER = "Parse Exporter/Parse Exporter-Bridging-Header.h";
				SWIFT_OPTIMIZATION_LEVEL = "-Onone";
				SWIFT_VERSION = 3.0;
			};
			name = Debug;
		};
		6D4D241A1E2857B10086796F /* Release */ = {
			isa = XCBuildConfiguration;
			buildSettings = {
				ASSETCATALOG_COMPILER_APPICON_NAME = AppIcon;
				CLANG_ENABLE_MODULES = YES;
				COMBINE_HIDPI_IMAGES = YES;
				FRAMEWORK_SEARCH_PATHS = (
					"$(inherited)",
					"$(PROJECT_DIR)/Parse\\ Exporter",
					"$(PROJECT_DIR)/Parse\\ Exporter",
					"$(PROJECT_DIR)",
					"$(PROJECT_DIR)/Carthage/Build/Mac",
				);
				INFOPLIST_FILE = "Parse Exporter/Info.plist";
				LD_RUNPATH_SEARCH_PATHS = "$(inherited) @executable_path/../Frameworks";
				PRODUCT_BUNDLE_IDENTIFIER = "fitmo.Parse-Exporter";
				PRODUCT_NAME = "$(TARGET_NAME)";
				SWIFT_OBJC_BRIDGING_HEADER = "Parse Exporter/Parse Exporter-Bridging-Header.h";
				SWIFT_VERSION = 3.0;
			};
			name = Release;
		};
/* End XCBuildConfiguration section */

/* Begin XCConfigurationList section */
		6D4D24041E2857B10086796F /* Build configuration list for PBXProject "Parse Exporter" */ = {
			isa = XCConfigurationList;
			buildConfigurations = (
				6D4D24161E2857B10086796F /* Debug */,
				6D4D24171E2857B10086796F /* Release */,
			);
			defaultConfigurationIsVisible = 0;
			defaultConfigurationName = Release;
		};
		6D4D24181E2857B10086796F /* Build configuration list for PBXNativeTarget "Parse Exporter" */ = {
			isa = XCConfigurationList;
			buildConfigurations = (
				6D4D24191E2857B10086796F /* Debug */,
				6D4D241A1E2857B10086796F /* Release */,
			);
			defaultConfigurationIsVisible = 0;
			defaultConfigurationName = Release;
		};
/* End XCConfigurationList section */
	};
	rootObject = 6D4D24011E2857B10086796F /* Project object */;
}
